{
  "version": 4,
  "terraform_version": "1.9.7",
  "serial": 119,
  "lineage": "6524b243-9ae4-d61c-723b-d7ac801f3b5c",
  "outputs": {
    "balance_ip": {
      "value": "84.201.149.219",
      "type": "string"
    },
    "bastion_ip": {
      "value": {
        "lan_ip": "10.128.1.100",
        "wan_ip": "51.250.1.109"
      },
      "type": [
        "object",
        {
          "lan_ip": "string",
          "wan_ip": "string"
        }
      ]
    },
    "elasticsearch_ip": {
      "value": {
        "lan": "10.130.1.21"
      },
      "type": [
        "object",
        {
          "lan": "string"
        }
      ]
    },
    "grafana_ip": {
      "value": {
        "lan_ip": "10.128.1.101",
        "wan_ip": "89.169.128.203"
      },
      "type": [
        "object",
        {
          "lan_ip": "string",
          "wan_ip": "string"
        }
      ]
    },
    "kibana_ip": {
      "value": {
        "lan_ip": "10.128.1.102",
        "wan_ip": "51.250.14.168"
      },
      "type": [
        "object",
        {
          "lan_ip": "string",
          "wan_ip": "string"
        }
      ]
    },
    "prometrheus_ip": {
      "value": {
        "lan": "10.129.1.11",
        "wan": "89.169.168.31"
      },
      "type": [
        "object",
        {
          "lan": "string",
          "wan": "string"
        }
      ]
    },
    "webvm_ip": {
      "value": [
        "10.129.1.10",
        "10.130.1.20"
      ],
      "type": [
        "tuple",
        [
          "string",
          "string"
        ]
      ]
    }
  },
  "resources": [
    {
      "mode": "managed",
      "type": "yandex_alb_backend_group",
      "name": "backend_webVM",
      "provider": "provider[\"registry.terraform.io/yandex-cloud/yandex\"]",
      "instances": [
        {
          "schema_version": 0,
          "attributes": {
            "created_at": "2024-10-21T18:42:21Z",
            "description": "",
            "folder_id": "b1gi10ek9ctgje5lt7aj",
            "grpc_backend": [],
            "http_backend": [
              {
                "healthcheck": [
                  {
                    "grpc_healthcheck": [],
                    "healthcheck_port": 80,
                    "healthy_threshold": 10,
                    "http_healthcheck": [
                      {
                        "host": "",
                        "http2": false,
                        "path": "/"
                      }
                    ],
                    "interval": "2s",
                    "interval_jitter_percent": 0,
                    "stream_healthcheck": [],
                    "timeout": "10s",
                    "unhealthy_threshold": 15
                  }
                ],
                "http2": false,
                "load_balancing_config": [
                  {
                    "locality_aware_routing_percent": 0,
                    "mode": "ROUND_ROBIN",
                    "panic_threshold": 50,
                    "strict_locality": false
                  }
                ],
                "name": "web-http-backend",
                "port": 80,
                "storage_bucket": "",
                "target_group_ids": [
                  "ds7q86lvarmlb4tesiev"
                ],
                "tls": [],
                "weight": 1
              }
            ],
            "id": "ds79vq37t9luet2nhuiq",
            "labels": {},
            "name": "backend-webvm",
            "session_affinity": [],
            "stream_backend": [],
            "timeouts": null
          },
          "sensitive_attributes": [],
          "private": "eyJlMmJmYjczMC1lY2FhLTExZTYtOGY4OC0zNDM2M2JjN2M0YzAiOnsiY3JlYXRlIjozMDAwMDAwMDAwMDAsImRlbGV0ZSI6MzAwMDAwMDAwMDAwLCJ1cGRhdGUiOjMwMDAwMDAwMDAwMH19",
          "dependencies": [
            "yandex_alb_target_group.target_webVM",
            "yandex_compute_instance.webVM",
            "yandex_vpc_network.my_vpc",
            "yandex_vpc_security_group.bastion_host",
            "yandex_vpc_security_group.private_VMs",
            "yandex_vpc_subnet.private_subnet1",
            "yandex_vpc_subnet.private_subnet2"
          ]
        }
      ]
    },
    {
      "mode": "managed",
      "type": "yandex_alb_http_router",
      "name": "http_router",
      "provider": "provider[\"registry.terraform.io/yandex-cloud/yandex\"]",
      "instances": [
        {
          "schema_version": 0,
          "attributes": {
            "created_at": "2024-10-21T18:40:51Z",
            "description": "",
            "folder_id": "b1gi10ek9ctgje5lt7aj",
            "id": "ds7lvdpdf4b31mn2iemm",
            "labels": {},
            "name": "web-http-router",
            "route_options": [],
            "timeouts": null
          },
          "sensitive_attributes": [],
          "private": "eyJlMmJmYjczMC1lY2FhLTExZTYtOGY4OC0zNDM2M2JjN2M0YzAiOnsiY3JlYXRlIjozMDAwMDAwMDAwMDAsImRlbGV0ZSI6MzAwMDAwMDAwMDAwLCJ1cGRhdGUiOjMwMDAwMDAwMDAwMH19"
        }
      ]
    },
    {
      "mode": "managed",
      "type": "yandex_alb_load_balancer",
      "name": "balance_webVM",
      "provider": "provider[\"registry.terraform.io/yandex-cloud/yandex\"]",
      "instances": [
        {
          "schema_version": 0,
          "attributes": {
            "allocation_policy": [
              {
                "location": [
                  {
                    "disable_traffic": false,
                    "subnet_id": "e9bm0okogtbseo7sg5pd",
                    "zone_id": "ru-central1-a"
                  }
                ]
              }
            ],
            "created_at": "2024-10-21T18:40:55Z",
            "description": "",
            "folder_id": "b1gi10ek9ctgje5lt7aj",
            "id": "ds7jltnuva8domqrvfm1",
            "labels": {},
            "listener": [
              {
                "endpoint": [
                  {
                    "address": [
                      {
                        "external_ipv4_address": [
                          {
                            "address": "84.201.149.219"
                          }
                        ],
                        "external_ipv6_address": [],
                        "internal_ipv4_address": []
                      }
                    ],
                    "ports": [
                      80
                    ]
                  }
                ],
                "http": [
                  {
                    "handler": [
                      {
                        "allow_http10": false,
                        "http2_options": [],
                        "http_router_id": "ds7lvdpdf4b31mn2iemm",
                        "rewrite_request_id": false
                      }
                    ],
                    "redirects": []
                  }
                ],
                "name": "my-listener",
                "stream": [],
                "tls": []
              }
            ],
            "log_group_id": "",
            "log_options": [
              {
                "disable": false,
                "discard_rule": [],
                "log_group_id": "e234k4cfio4o2d887dng"
              }
            ],
            "name": "load-balancer-webvm",
            "network_id": "enpcfd2n92eceka54l85",
            "region_id": "",
            "security_group_ids": [],
            "status": "active",
            "timeouts": null
          },
          "sensitive_attributes": [],
          "private": "eyJlMmJmYjczMC1lY2FhLTExZTYtOGY4OC0zNDM2M2JjN2M0YzAiOnsiY3JlYXRlIjo2MDAwMDAwMDAwMDAsImRlbGV0ZSI6NjAwMDAwMDAwMDAwLCJ1cGRhdGUiOjYwMDAwMDAwMDAwMH19",
          "dependencies": [
            "yandex_alb_http_router.http_router",
            "yandex_logging_group.group1",
            "yandex_vpc_network.my_vpc",
            "yandex_vpc_subnet.public_subnet"
          ]
        }
      ]
    },
    {
      "mode": "managed",
      "type": "yandex_alb_target_group",
      "name": "target_webVM",
      "provider": "provider[\"registry.terraform.io/yandex-cloud/yandex\"]",
      "instances": [
        {
          "schema_version": 0,
          "attributes": {
            "created_at": "2024-10-21T18:42:21Z",
            "description": "",
            "folder_id": "b1gi10ek9ctgje5lt7aj",
            "id": "ds7q86lvarmlb4tesiev",
            "labels": {},
            "name": "target-webvm",
            "target": [
              {
                "ip_address": "10.129.1.10",
                "private_ipv4_address": false,
                "subnet_id": "e2lnton795cibj194c12"
              },
              {
                "ip_address": "10.130.1.20",
                "private_ipv4_address": false,
                "subnet_id": "fl8aps7mk9m8kalsfkis"
              }
            ],
            "timeouts": null
          },
          "sensitive_attributes": [],
          "private": "eyJlMmJmYjczMC1lY2FhLTExZTYtOGY4OC0zNDM2M2JjN2M0YzAiOnsiY3JlYXRlIjozMDAwMDAwMDAwMDAsImRlbGV0ZSI6MzAwMDAwMDAwMDAwLCJ1cGRhdGUiOjMwMDAwMDAwMDAwMH19",
          "dependencies": [
            "yandex_compute_instance.webVM",
            "yandex_vpc_network.my_vpc",
            "yandex_vpc_security_group.bastion_host",
            "yandex_vpc_security_group.private_VMs",
            "yandex_vpc_subnet.private_subnet1",
            "yandex_vpc_subnet.private_subnet2"
          ]
        }
      ]
    },
    {
      "mode": "managed",
      "type": "yandex_alb_virtual_host",
      "name": "my_virtual_host",
      "provider": "provider[\"registry.terraform.io/yandex-cloud/yandex\"]",
      "instances": [
        {
          "schema_version": 0,
          "attributes": {
            "authority": [],
            "http_router_id": "ds7lvdpdf4b31mn2iemm",
            "id": "ds7lvdpdf4b31mn2iemm/my-virtual-host",
            "modify_request_headers": [],
            "modify_response_headers": [],
            "name": "my-virtual-host",
            "route": [
              {
                "grpc_route": [],
                "http_route": [
                  {
                    "direct_response_action": [],
                    "http_match": [
                      {
                        "http_method": [],
                        "path": [
                          {
                            "exact": "/",
                            "prefix": "",
                            "regex": ""
                          }
                        ]
                      }
                    ],
                    "http_route_action": [
                      {
                        "auto_host_rewrite": false,
                        "backend_group_id": "ds79vq37t9luet2nhuiq",
                        "host_rewrite": "",
                        "idle_timeout": "",
                        "prefix_rewrite": "",
                        "timeout": "3s",
                        "upgrade_types": []
                      }
                    ],
                    "redirect_action": []
                  }
                ],
                "name": "my-route",
                "route_options": []
              }
            ],
            "route_options": [],
            "timeouts": null
          },
          "sensitive_attributes": [],
          "private": "eyJlMmJmYjczMC1lY2FhLTExZTYtOGY4OC0zNDM2M2JjN2M0YzAiOnsiY3JlYXRlIjozMDAwMDAwMDAwMDAsImRlbGV0ZSI6MzAwMDAwMDAwMDAwLCJ1cGRhdGUiOjMwMDAwMDAwMDAwMH19",
          "dependencies": [
            "yandex_alb_backend_group.backend_webVM",
            "yandex_alb_http_router.http_router",
            "yandex_alb_target_group.target_webVM",
            "yandex_compute_instance.webVM",
            "yandex_vpc_network.my_vpc",
            "yandex_vpc_security_group.bastion_host",
            "yandex_vpc_security_group.private_VMs",
            "yandex_vpc_subnet.private_subnet1",
            "yandex_vpc_subnet.private_subnet2"
          ]
        }
      ]
    },
    {
      "mode": "managed",
      "type": "yandex_compute_instance",
      "name": "Elasticsearch_host",
      "provider": "provider[\"registry.terraform.io/yandex-cloud/yandex\"]",
      "instances": [
        {
          "schema_version": 1,
          "attributes": {
            "allow_recreate": null,
            "allow_stopping_for_update": null,
            "boot_disk": [
              {
                "auto_delete": true,
                "device_name": "fv43dd53mkeodroivtiu",
                "disk_id": "fv43dd53mkeodroivtiu",
                "initialize_params": [
                  {
                    "block_size": 4096,
                    "description": "",
                    "image_id": "fd8pen9hj3nhjmiocfcf",
                    "name": "",
                    "size": 50,
                    "snapshot_id": "",
                    "type": "network-hdd"
                  }
                ],
                "mode": "READ_WRITE"
              }
            ],
            "created_at": "2024-10-21T18:40:57Z",
            "description": "",
            "filesystem": [],
            "folder_id": "b1gi10ek9ctgje5lt7aj",
            "fqdn": "vm-elasticsearch.ru-central1.internal",
            "gpu_cluster_id": "",
            "hardware_generation": [
              {
                "generation2_features": [],
                "legacy_features": [
                  {
                    "pci_topology": "PCI_TOPOLOGY_V1"
                  }
                ]
              }
            ],
            "hostname": "vm-elasticsearch",
            "id": "fv4u5jb3olei99ctr10c",
            "labels": {},
            "local_disk": [],
            "maintenance_grace_period": "",
            "maintenance_policy": null,
            "metadata": {
              "user-data": "#cloud-config\r\n\r\nusers:\r\n  - name: v3ll\r\n    ssh-authorized-keys:\r\n      - ssh-rsa AAAAB3NzaC1yc2EAAAADAQABAAABgQDX8Ti1pTVivP+16ANkMp3blMCIliB6PqeC80rA5xstdof+an7ZDcHJU0Ep3Ck+DAQePARxhDLyVpKggMxDzhMjC5zVOnHpEEx9HYWwD67d/gIUTE8J2kmh4nWuURKJj+OT5qhEt5ZgdZbHXu9/LKQ7xOfZv0ogI2U1ty/KV5nPPAPZ0ubpfSa7rwmpxpkYa5wPZghgsFPiiCNNwnGTWf8c5QVejdYDKekRFF9bKMAImAeY/jacZMtyzfhjeWe7PmtU8vpDmuWCqlq1ryueAZV7dAMj60vy6O4dk55RuK7quXov6tdIOe1Pq+91ZQgRBJRV/UKnW5WfuB8v2Mr63kW1Sxxxc2t3XxojLUjBGkvXQdIUuTfI7ttvXfBdkJn1R5C1KBFquDTGQkRIOi2Cc60gWYiQRYUFQGPEAF3ZZw/Icqm2zW/1mZUbiX3azukKlFDQihrC3yInQh8P+ZBW9R1wwMiuPBMZTK3agJ6jiUtRnoTuYHXtfQCPE0o1Rvz70q8= valen@V3l\r\n    groups: sudo\r\n    shell: /bin/bash\r\n    sudo: [\"ALL=(ALL) NOPASSWD:ALL\"]\r\n\r\npackage_update: true\r\npackage_upgrade: true\r\n# packages:\r\n#    - nginx\r\n"
            },
            "metadata_options": [
              {
                "aws_v1_http_endpoint": 1,
                "aws_v1_http_token": 2,
                "gce_http_endpoint": 1,
                "gce_http_token": 1
              }
            ],
            "name": "vm-elasticsearch",
            "network_acceleration_type": "standard",
            "network_interface": [
              {
                "dns_record": [],
                "index": 0,
                "ip_address": "10.130.1.21",
                "ipv4": true,
                "ipv6": false,
                "ipv6_address": "",
                "ipv6_dns_record": [],
                "mac_address": "d0:0d:1e:2c:d6:3c",
                "nat": false,
                "nat_dns_record": [],
                "nat_ip_address": "",
                "nat_ip_version": "",
                "security_group_ids": [
                  "enp6te150cdqar4ff8ef"
                ],
                "subnet_id": "fl8aps7mk9m8kalsfkis"
              }
            ],
            "placement_policy": [
              {
                "host_affinity_rules": [],
                "placement_group_id": "",
                "placement_group_partition": 0
              }
            ],
            "platform_id": "standard-v3",
            "resources": [
              {
                "core_fraction": 20,
                "cores": 4,
                "gpus": 0,
                "memory": 4
              }
            ],
            "scheduling_policy": [
              {
                "preemptible": false
              }
            ],
            "secondary_disk": [],
            "service_account_id": "",
            "status": "running",
            "timeouts": null,
            "zone": "ru-central1-d"
          },
          "sensitive_attributes": [],
          "private": "eyJlMmJmYjczMC1lY2FhLTExZTYtOGY4OC0zNDM2M2JjN2M0YzAiOnsiY3JlYXRlIjozMDAwMDAwMDAwMDAsImRlbGV0ZSI6MzAwMDAwMDAwMDAwLCJ1cGRhdGUiOjMwMDAwMDAwMDAwMH0sInNjaGVtYV92ZXJzaW9uIjoiMSJ9",
          "dependencies": [
            "yandex_vpc_network.my_vpc",
            "yandex_vpc_security_group.bastion_host",
            "yandex_vpc_security_group.private_VMs",
            "yandex_vpc_subnet.private_subnet2"
          ]
        }
      ]
    },
    {
      "mode": "managed",
      "type": "yandex_compute_instance",
      "name": "Grafana_host",
      "provider": "provider[\"registry.terraform.io/yandex-cloud/yandex\"]",
      "instances": [
        {
          "schema_version": 1,
          "attributes": {
            "allow_recreate": null,
            "allow_stopping_for_update": null,
            "boot_disk": [
              {
                "auto_delete": true,
                "device_name": "fhmdkiqf24o3sd396euo",
                "disk_id": "fhmdkiqf24o3sd396euo",
                "initialize_params": [
                  {
                    "block_size": 4096,
                    "description": "",
                    "image_id": "fd8pen9hj3nhjmiocfcf",
                    "name": "",
                    "size": 20,
                    "snapshot_id": "",
                    "type": "network-hdd"
                  }
                ],
                "mode": "READ_WRITE"
              }
            ],
            "created_at": "2024-10-21T18:40:55Z",
            "description": "",
            "filesystem": [],
            "folder_id": "b1gi10ek9ctgje5lt7aj",
            "fqdn": "vm-grafana.ru-central1.internal",
            "gpu_cluster_id": "",
            "hardware_generation": [
              {
                "generation2_features": [],
                "legacy_features": [
                  {
                    "pci_topology": "PCI_TOPOLOGY_V1"
                  }
                ]
              }
            ],
            "hostname": "vm-grafana",
            "id": "fhmafi0i9cr8urfdo9dm",
            "labels": {},
            "local_disk": [],
            "maintenance_grace_period": "",
            "maintenance_policy": null,
            "metadata": {
              "user-data": "#cloud-config\r\n\r\nusers:\r\n  - name: v3ll\r\n    ssh-authorized-keys:\r\n      - ssh-rsa AAAAB3NzaC1yc2EAAAADAQABAAABgQDX8Ti1pTVivP+16ANkMp3blMCIliB6PqeC80rA5xstdof+an7ZDcHJU0Ep3Ck+DAQePARxhDLyVpKggMxDzhMjC5zVOnHpEEx9HYWwD67d/gIUTE8J2kmh4nWuURKJj+OT5qhEt5ZgdZbHXu9/LKQ7xOfZv0ogI2U1ty/KV5nPPAPZ0ubpfSa7rwmpxpkYa5wPZghgsFPiiCNNwnGTWf8c5QVejdYDKekRFF9bKMAImAeY/jacZMtyzfhjeWe7PmtU8vpDmuWCqlq1ryueAZV7dAMj60vy6O4dk55RuK7quXov6tdIOe1Pq+91ZQgRBJRV/UKnW5WfuB8v2Mr63kW1Sxxxc2t3XxojLUjBGkvXQdIUuTfI7ttvXfBdkJn1R5C1KBFquDTGQkRIOi2Cc60gWYiQRYUFQGPEAF3ZZw/Icqm2zW/1mZUbiX3azukKlFDQihrC3yInQh8P+ZBW9R1wwMiuPBMZTK3agJ6jiUtRnoTuYHXtfQCPE0o1Rvz70q8= valen@V3l\r\n    groups: sudo\r\n    shell: /bin/bash\r\n    sudo: [\"ALL=(ALL) NOPASSWD:ALL\"]\r\n\r\npackage_update: true\r\npackage_upgrade: true\r\n# packages:\r\n#    - nginx\r\n"
            },
            "metadata_options": [
              {
                "aws_v1_http_endpoint": 1,
                "aws_v1_http_token": 2,
                "gce_http_endpoint": 1,
                "gce_http_token": 1
              }
            ],
            "name": "vm-grafana",
            "network_acceleration_type": "standard",
            "network_interface": [
              {
                "dns_record": [],
                "index": 0,
                "ip_address": "10.128.1.101",
                "ipv4": true,
                "ipv6": false,
                "ipv6_address": "",
                "ipv6_dns_record": [],
                "mac_address": "d0:0d:a7:c8:12:4b",
                "nat": true,
                "nat_dns_record": [],
                "nat_ip_address": "89.169.128.203",
                "nat_ip_version": "IPV4",
                "security_group_ids": [],
                "subnet_id": "e9bm0okogtbseo7sg5pd"
              }
            ],
            "placement_policy": [
              {
                "host_affinity_rules": [],
                "placement_group_id": "",
                "placement_group_partition": 0
              }
            ],
            "platform_id": "standard-v3",
            "resources": [
              {
                "core_fraction": 20,
                "cores": 2,
                "gpus": 0,
                "memory": 2
              }
            ],
            "scheduling_policy": [
              {
                "preemptible": false
              }
            ],
            "secondary_disk": [],
            "service_account_id": "",
            "status": "running",
            "timeouts": null,
            "zone": "ru-central1-a"
          },
          "sensitive_attributes": [],
          "private": "eyJlMmJmYjczMC1lY2FhLTExZTYtOGY4OC0zNDM2M2JjN2M0YzAiOnsiY3JlYXRlIjozMDAwMDAwMDAwMDAsImRlbGV0ZSI6MzAwMDAwMDAwMDAwLCJ1cGRhdGUiOjMwMDAwMDAwMDAwMH0sInNjaGVtYV92ZXJzaW9uIjoiMSJ9",
          "dependencies": [
            "yandex_vpc_network.my_vpc",
            "yandex_vpc_subnet.public_subnet"
          ]
        }
      ]
    },
    {
      "mode": "managed",
      "type": "yandex_compute_instance",
      "name": "Kibana_host",
      "provider": "provider[\"registry.terraform.io/yandex-cloud/yandex\"]",
      "instances": [
        {
          "schema_version": 1,
          "attributes": {
            "allow_recreate": null,
            "allow_stopping_for_update": null,
            "boot_disk": [
              {
                "auto_delete": true,
                "device_name": "fhmjqb65h5fovs2j7van",
                "disk_id": "fhmjqb65h5fovs2j7van",
                "initialize_params": [
                  {
                    "block_size": 4096,
                    "description": "",
                    "image_id": "fd8pen9hj3nhjmiocfcf",
                    "name": "",
                    "size": 20,
                    "snapshot_id": "",
                    "type": "network-hdd"
                  }
                ],
                "mode": "READ_WRITE"
              }
            ],
            "created_at": "2024-10-21T18:40:55Z",
            "description": "",
            "filesystem": [],
            "folder_id": "b1gi10ek9ctgje5lt7aj",
            "fqdn": "vm-kibana.ru-central1.internal",
            "gpu_cluster_id": "",
            "hardware_generation": [
              {
                "generation2_features": [],
                "legacy_features": [
                  {
                    "pci_topology": "PCI_TOPOLOGY_V1"
                  }
                ]
              }
            ],
            "hostname": "vm-kibana",
            "id": "fhm5fo1cq0v9en5l9lje",
            "labels": {},
            "local_disk": [],
            "maintenance_grace_period": "",
            "maintenance_policy": null,
            "metadata": {
              "user-data": "#cloud-config\r\n\r\nusers:\r\n  - name: v3ll\r\n    ssh-authorized-keys:\r\n      - ssh-rsa AAAAB3NzaC1yc2EAAAADAQABAAABgQDX8Ti1pTVivP+16ANkMp3blMCIliB6PqeC80rA5xstdof+an7ZDcHJU0Ep3Ck+DAQePARxhDLyVpKggMxDzhMjC5zVOnHpEEx9HYWwD67d/gIUTE8J2kmh4nWuURKJj+OT5qhEt5ZgdZbHXu9/LKQ7xOfZv0ogI2U1ty/KV5nPPAPZ0ubpfSa7rwmpxpkYa5wPZghgsFPiiCNNwnGTWf8c5QVejdYDKekRFF9bKMAImAeY/jacZMtyzfhjeWe7PmtU8vpDmuWCqlq1ryueAZV7dAMj60vy6O4dk55RuK7quXov6tdIOe1Pq+91ZQgRBJRV/UKnW5WfuB8v2Mr63kW1Sxxxc2t3XxojLUjBGkvXQdIUuTfI7ttvXfBdkJn1R5C1KBFquDTGQkRIOi2Cc60gWYiQRYUFQGPEAF3ZZw/Icqm2zW/1mZUbiX3azukKlFDQihrC3yInQh8P+ZBW9R1wwMiuPBMZTK3agJ6jiUtRnoTuYHXtfQCPE0o1Rvz70q8= valen@V3l\r\n    groups: sudo\r\n    shell: /bin/bash\r\n    sudo: [\"ALL=(ALL) NOPASSWD:ALL\"]\r\n\r\npackage_update: true\r\npackage_upgrade: true\r\n# packages:\r\n#    - nginx\r\n"
            },
            "metadata_options": [
              {
                "aws_v1_http_endpoint": 1,
                "aws_v1_http_token": 2,
                "gce_http_endpoint": 1,
                "gce_http_token": 1
              }
            ],
            "name": "vm-kibana",
            "network_acceleration_type": "standard",
            "network_interface": [
              {
                "dns_record": [],
                "index": 0,
                "ip_address": "10.128.1.102",
                "ipv4": true,
                "ipv6": false,
                "ipv6_address": "",
                "ipv6_dns_record": [],
                "mac_address": "d0:0d:57:e0:2c:d0",
                "nat": true,
                "nat_dns_record": [],
                "nat_ip_address": "51.250.14.168",
                "nat_ip_version": "IPV4",
                "security_group_ids": [],
                "subnet_id": "e9bm0okogtbseo7sg5pd"
              }
            ],
            "placement_policy": [
              {
                "host_affinity_rules": [],
                "placement_group_id": "",
                "placement_group_partition": 0
              }
            ],
            "platform_id": "standard-v3",
            "resources": [
              {
                "core_fraction": 20,
                "cores": 2,
                "gpus": 0,
                "memory": 2
              }
            ],
            "scheduling_policy": [
              {
                "preemptible": false
              }
            ],
            "secondary_disk": [],
            "service_account_id": "",
            "status": "running",
            "timeouts": null,
            "zone": "ru-central1-a"
          },
          "sensitive_attributes": [],
          "private": "eyJlMmJmYjczMC1lY2FhLTExZTYtOGY4OC0zNDM2M2JjN2M0YzAiOnsiY3JlYXRlIjozMDAwMDAwMDAwMDAsImRlbGV0ZSI6MzAwMDAwMDAwMDAwLCJ1cGRhdGUiOjMwMDAwMDAwMDAwMH0sInNjaGVtYV92ZXJzaW9uIjoiMSJ9",
          "dependencies": [
            "yandex_vpc_network.my_vpc",
            "yandex_vpc_subnet.public_subnet"
          ]
        }
      ]
    },
    {
      "mode": "managed",
      "type": "yandex_compute_instance",
      "name": "Prometheus_host",
      "provider": "provider[\"registry.terraform.io/yandex-cloud/yandex\"]",
      "instances": [
        {
          "schema_version": 1,
          "attributes": {
            "allow_recreate": null,
            "allow_stopping_for_update": null,
            "boot_disk": [
              {
                "auto_delete": true,
                "device_name": "epdvcu2rdoqmm1vo63t5",
                "disk_id": "epdvcu2rdoqmm1vo63t5",
                "initialize_params": [
                  {
                    "block_size": 4096,
                    "description": "",
                    "image_id": "fd8pen9hj3nhjmiocfcf",
                    "name": "",
                    "size": 20,
                    "snapshot_id": "",
                    "type": "network-hdd"
                  }
                ],
                "mode": "READ_WRITE"
              }
            ],
            "created_at": "2024-10-21T18:40:57Z",
            "description": "",
            "filesystem": [],
            "folder_id": "b1gi10ek9ctgje5lt7aj",
            "fqdn": "vm-prometheus.ru-central1.internal",
            "gpu_cluster_id": "",
            "hardware_generation": [
              {
                "generation2_features": [],
                "legacy_features": [
                  {
                    "pci_topology": "PCI_TOPOLOGY_V1"
                  }
                ]
              }
            ],
            "hostname": "vm-prometheus",
            "id": "epdoksubori3hogc5anb",
            "labels": {},
            "local_disk": [],
            "maintenance_grace_period": "",
            "maintenance_policy": null,
            "metadata": {
              "user-data": "#cloud-config\r\n\r\nusers:\r\n  - name: v3ll\r\n    ssh-authorized-keys:\r\n      - ssh-rsa AAAAB3NzaC1yc2EAAAADAQABAAABgQDX8Ti1pTVivP+16ANkMp3blMCIliB6PqeC80rA5xstdof+an7ZDcHJU0Ep3Ck+DAQePARxhDLyVpKggMxDzhMjC5zVOnHpEEx9HYWwD67d/gIUTE8J2kmh4nWuURKJj+OT5qhEt5ZgdZbHXu9/LKQ7xOfZv0ogI2U1ty/KV5nPPAPZ0ubpfSa7rwmpxpkYa5wPZghgsFPiiCNNwnGTWf8c5QVejdYDKekRFF9bKMAImAeY/jacZMtyzfhjeWe7PmtU8vpDmuWCqlq1ryueAZV7dAMj60vy6O4dk55RuK7quXov6tdIOe1Pq+91ZQgRBJRV/UKnW5WfuB8v2Mr63kW1Sxxxc2t3XxojLUjBGkvXQdIUuTfI7ttvXfBdkJn1R5C1KBFquDTGQkRIOi2Cc60gWYiQRYUFQGPEAF3ZZw/Icqm2zW/1mZUbiX3azukKlFDQihrC3yInQh8P+ZBW9R1wwMiuPBMZTK3agJ6jiUtRnoTuYHXtfQCPE0o1Rvz70q8= valen@V3l\r\n    groups: sudo\r\n    shell: /bin/bash\r\n    sudo: [\"ALL=(ALL) NOPASSWD:ALL\"]\r\n\r\npackage_update: true\r\npackage_upgrade: true\r\n# packages:\r\n#    - nginx\r\n"
            },
            "metadata_options": [
              {
                "aws_v1_http_endpoint": 1,
                "aws_v1_http_token": 2,
                "gce_http_endpoint": 1,
                "gce_http_token": 1
              }
            ],
            "name": "vm-prometheus",
            "network_acceleration_type": "standard",
            "network_interface": [
              {
                "dns_record": [],
                "index": 0,
                "ip_address": "10.129.1.11",
                "ipv4": true,
                "ipv6": false,
                "ipv6_address": "",
                "ipv6_dns_record": [],
                "mac_address": "d0:0d:18:a7:3c:bc",
                "nat": true,
                "nat_dns_record": [],
                "nat_ip_address": "89.169.168.31",
                "nat_ip_version": "IPV4",
                "security_group_ids": [
                  "enp6te150cdqar4ff8ef"
                ],
                "subnet_id": "e2lnton795cibj194c12"
              }
            ],
            "placement_policy": [
              {
                "host_affinity_rules": [],
                "placement_group_id": "",
                "placement_group_partition": 0
              }
            ],
            "platform_id": "standard-v3",
            "resources": [
              {
                "core_fraction": 20,
                "cores": 2,
                "gpus": 0,
                "memory": 2
              }
            ],
            "scheduling_policy": [
              {
                "preemptible": false
              }
            ],
            "secondary_disk": [],
            "service_account_id": "",
            "status": "running",
            "timeouts": null,
            "zone": "ru-central1-b"
          },
          "sensitive_attributes": [],
          "private": "eyJlMmJmYjczMC1lY2FhLTExZTYtOGY4OC0zNDM2M2JjN2M0YzAiOnsiY3JlYXRlIjozMDAwMDAwMDAwMDAsImRlbGV0ZSI6MzAwMDAwMDAwMDAwLCJ1cGRhdGUiOjMwMDAwMDAwMDAwMH0sInNjaGVtYV92ZXJzaW9uIjoiMSJ9",
          "dependencies": [
            "yandex_vpc_network.my_vpc",
            "yandex_vpc_security_group.bastion_host",
            "yandex_vpc_security_group.private_VMs",
            "yandex_vpc_subnet.private_subnet1"
          ]
        }
      ]
    },
    {
      "mode": "managed",
      "type": "yandex_compute_instance",
      "name": "bastion_host",
      "provider": "provider[\"registry.terraform.io/yandex-cloud/yandex\"]",
      "instances": [
        {
          "schema_version": 1,
          "attributes": {
            "allow_recreate": null,
            "allow_stopping_for_update": null,
            "boot_disk": [
              {
                "auto_delete": true,
                "device_name": "fhmn0tnoqfuc7t35sa1e",
                "disk_id": "fhmn0tnoqfuc7t35sa1e",
                "initialize_params": [
                  {
                    "block_size": 4096,
                    "description": "",
                    "image_id": "fd8pen9hj3nhjmiocfcf",
                    "name": "",
                    "size": 20,
                    "snapshot_id": "",
                    "type": "network-hdd"
                  }
                ],
                "mode": "READ_WRITE"
              }
            ],
            "created_at": "2024-10-21T18:40:55Z",
            "description": "",
            "filesystem": [],
            "folder_id": "b1gi10ek9ctgje5lt7aj",
            "fqdn": "bastion-host.ru-central1.internal",
            "gpu_cluster_id": "",
            "hardware_generation": [
              {
                "generation2_features": [],
                "legacy_features": [
                  {
                    "pci_topology": "PCI_TOPOLOGY_V1"
                  }
                ]
              }
            ],
            "hostname": "bastion-host",
            "id": "fhmlmfmrcn4a49lefk8l",
            "labels": {},
            "local_disk": [],
            "maintenance_grace_period": "",
            "maintenance_policy": null,
            "metadata": {
              "user-data": "#cloud-config\r\n\r\nusers:\r\n  - name: v3ll\r\n    ssh-authorized-keys:\r\n      - ssh-rsa AAAAB3NzaC1yc2EAAAADAQABAAABgQDX8Ti1pTVivP+16ANkMp3blMCIliB6PqeC80rA5xstdof+an7ZDcHJU0Ep3Ck+DAQePARxhDLyVpKggMxDzhMjC5zVOnHpEEx9HYWwD67d/gIUTE8J2kmh4nWuURKJj+OT5qhEt5ZgdZbHXu9/LKQ7xOfZv0ogI2U1ty/KV5nPPAPZ0ubpfSa7rwmpxpkYa5wPZghgsFPiiCNNwnGTWf8c5QVejdYDKekRFF9bKMAImAeY/jacZMtyzfhjeWe7PmtU8vpDmuWCqlq1ryueAZV7dAMj60vy6O4dk55RuK7quXov6tdIOe1Pq+91ZQgRBJRV/UKnW5WfuB8v2Mr63kW1Sxxxc2t3XxojLUjBGkvXQdIUuTfI7ttvXfBdkJn1R5C1KBFquDTGQkRIOi2Cc60gWYiQRYUFQGPEAF3ZZw/Icqm2zW/1mZUbiX3azukKlFDQihrC3yInQh8P+ZBW9R1wwMiuPBMZTK3agJ6jiUtRnoTuYHXtfQCPE0o1Rvz70q8= valen@V3l\r\n    groups: sudo\r\n    shell: /bin/bash\r\n    sudo: [\"ALL=(ALL) NOPASSWD:ALL\"]\r\n\r\npackage_update: true\r\npackage_upgrade: true\r\n# packages:\r\n#    - nginx\r\n"
            },
            "metadata_options": [
              {
                "aws_v1_http_endpoint": 1,
                "aws_v1_http_token": 2,
                "gce_http_endpoint": 1,
                "gce_http_token": 1
              }
            ],
            "name": "bastion-host",
            "network_acceleration_type": "standard",
            "network_interface": [
              {
                "dns_record": [],
                "index": 0,
                "ip_address": "10.128.1.100",
                "ipv4": true,
                "ipv6": false,
                "ipv6_address": "",
                "ipv6_dns_record": [],
                "mac_address": "d0:0d:15:b3:ed:b6",
                "nat": true,
                "nat_dns_record": [],
                "nat_ip_address": "51.250.1.109",
                "nat_ip_version": "IPV4",
                "security_group_ids": [
                  "enp95lu56dto2dgkdbr3"
                ],
                "subnet_id": "e9bm0okogtbseo7sg5pd"
              }
            ],
            "placement_policy": [
              {
                "host_affinity_rules": [],
                "placement_group_id": "",
                "placement_group_partition": 0
              }
            ],
            "platform_id": "standard-v3",
            "resources": [
              {
                "core_fraction": 20,
                "cores": 2,
                "gpus": 0,
                "memory": 2
              }
            ],
            "scheduling_policy": [
              {
                "preemptible": false
              }
            ],
            "secondary_disk": [],
            "service_account_id": "",
            "status": "running",
            "timeouts": null,
            "zone": "ru-central1-a"
          },
          "sensitive_attributes": [],
          "private": "eyJlMmJmYjczMC1lY2FhLTExZTYtOGY4OC0zNDM2M2JjN2M0YzAiOnsiY3JlYXRlIjozMDAwMDAwMDAwMDAsImRlbGV0ZSI6MzAwMDAwMDAwMDAwLCJ1cGRhdGUiOjMwMDAwMDAwMDAwMH0sInNjaGVtYV92ZXJzaW9uIjoiMSJ9",
          "dependencies": [
            "yandex_vpc_network.my_vpc",
            "yandex_vpc_security_group.bastion_host",
            "yandex_vpc_subnet.public_subnet"
          ]
        }
      ]
    },
    {
      "mode": "managed",
      "type": "yandex_compute_instance",
      "name": "webVM",
      "provider": "provider[\"registry.terraform.io/yandex-cloud/yandex\"]",
      "instances": [
        {
          "index_key": 0,
          "schema_version": 1,
          "attributes": {
            "allow_recreate": null,
            "allow_stopping_for_update": null,
            "boot_disk": [
              {
                "auto_delete": true,
                "device_name": "epdhvc1prljqmdufe17e",
                "disk_id": "epdhvc1prljqmdufe17e",
                "initialize_params": [
                  {
                    "block_size": 4096,
                    "description": "",
                    "image_id": "fd8pen9hj3nhjmiocfcf",
                    "name": "",
                    "size": 20,
                    "snapshot_id": "",
                    "type": "network-hdd"
                  }
                ],
                "mode": "READ_WRITE"
              }
            ],
            "created_at": "2024-10-21T18:40:57Z",
            "description": "",
            "filesystem": [],
            "folder_id": "b1gi10ek9ctgje5lt7aj",
            "fqdn": "webvm1.ru-central1.internal",
            "gpu_cluster_id": "",
            "hardware_generation": [
              {
                "generation2_features": [],
                "legacy_features": [
                  {
                    "pci_topology": "PCI_TOPOLOGY_V1"
                  }
                ]
              }
            ],
            "hostname": "webvm1",
            "id": "epdnfebjghjl71kjnvj4",
            "labels": {},
            "local_disk": [],
            "maintenance_grace_period": "",
            "maintenance_policy": null,
            "metadata": {
              "user-data": "#cloud-config\r\n\r\nusers:\r\n  - name: v3ll\r\n    ssh-authorized-keys:\r\n      - ssh-rsa AAAAB3NzaC1yc2EAAAADAQABAAABgQDX8Ti1pTVivP+16ANkMp3blMCIliB6PqeC80rA5xstdof+an7ZDcHJU0Ep3Ck+DAQePARxhDLyVpKggMxDzhMjC5zVOnHpEEx9HYWwD67d/gIUTE8J2kmh4nWuURKJj+OT5qhEt5ZgdZbHXu9/LKQ7xOfZv0ogI2U1ty/KV5nPPAPZ0ubpfSa7rwmpxpkYa5wPZghgsFPiiCNNwnGTWf8c5QVejdYDKekRFF9bKMAImAeY/jacZMtyzfhjeWe7PmtU8vpDmuWCqlq1ryueAZV7dAMj60vy6O4dk55RuK7quXov6tdIOe1Pq+91ZQgRBJRV/UKnW5WfuB8v2Mr63kW1Sxxxc2t3XxojLUjBGkvXQdIUuTfI7ttvXfBdkJn1R5C1KBFquDTGQkRIOi2Cc60gWYiQRYUFQGPEAF3ZZw/Icqm2zW/1mZUbiX3azukKlFDQihrC3yInQh8P+ZBW9R1wwMiuPBMZTK3agJ6jiUtRnoTuYHXtfQCPE0o1Rvz70q8= valen@V3l\r\n    groups: sudo\r\n    shell: /bin/bash\r\n    sudo: [\"ALL=(ALL) NOPASSWD:ALL\"]\r\n\r\npackage_update: true\r\npackage_upgrade: true\r\n# packages:\r\n#    - nginx\r\n"
            },
            "metadata_options": [
              {
                "aws_v1_http_endpoint": 1,
                "aws_v1_http_token": 2,
                "gce_http_endpoint": 1,
                "gce_http_token": 1
              }
            ],
            "name": "webvm1",
            "network_acceleration_type": "standard",
            "network_interface": [
              {
                "dns_record": [],
                "index": 0,
                "ip_address": "10.129.1.10",
                "ipv4": true,
                "ipv6": false,
                "ipv6_address": "",
                "ipv6_dns_record": [],
                "mac_address": "d0:0d:17:7b:97:38",
                "nat": false,
                "nat_dns_record": [],
                "nat_ip_address": "",
                "nat_ip_version": "",
                "security_group_ids": [
                  "enp6te150cdqar4ff8ef"
                ],
                "subnet_id": "e2lnton795cibj194c12"
              }
            ],
            "placement_policy": [
              {
                "host_affinity_rules": [],
                "placement_group_id": "",
                "placement_group_partition": 0
              }
            ],
            "platform_id": "standard-v3",
            "resources": [
              {
                "core_fraction": 20,
                "cores": 2,
                "gpus": 0,
                "memory": 2
              }
            ],
            "scheduling_policy": [
              {
                "preemptible": false
              }
            ],
            "secondary_disk": [],
            "service_account_id": "",
            "status": "running",
            "timeouts": null,
            "zone": "ru-central1-b"
          },
          "sensitive_attributes": [],
          "private": "eyJlMmJmYjczMC1lY2FhLTExZTYtOGY4OC0zNDM2M2JjN2M0YzAiOnsiY3JlYXRlIjozMDAwMDAwMDAwMDAsImRlbGV0ZSI6MzAwMDAwMDAwMDAwLCJ1cGRhdGUiOjMwMDAwMDAwMDAwMH0sInNjaGVtYV92ZXJzaW9uIjoiMSJ9",
          "dependencies": [
            "yandex_vpc_network.my_vpc",
            "yandex_vpc_security_group.bastion_host",
            "yandex_vpc_security_group.private_VMs",
            "yandex_vpc_subnet.private_subnet1",
            "yandex_vpc_subnet.private_subnet2"
          ]
        },
        {
          "index_key": 1,
          "schema_version": 1,
          "attributes": {
            "allow_recreate": null,
            "allow_stopping_for_update": null,
            "boot_disk": [
              {
                "auto_delete": true,
                "device_name": "fv486a6r863dnai107m7",
                "disk_id": "fv486a6r863dnai107m7",
                "initialize_params": [
                  {
                    "block_size": 4096,
                    "description": "",
                    "image_id": "fd8pen9hj3nhjmiocfcf",
                    "name": "",
                    "size": 20,
                    "snapshot_id": "",
                    "type": "network-hdd"
                  }
                ],
                "mode": "READ_WRITE"
              }
            ],
            "created_at": "2024-10-21T18:40:57Z",
            "description": "",
            "filesystem": [],
            "folder_id": "b1gi10ek9ctgje5lt7aj",
            "fqdn": "webvm2.ru-central1.internal",
            "gpu_cluster_id": "",
            "hardware_generation": [
              {
                "generation2_features": [],
                "legacy_features": [
                  {
                    "pci_topology": "PCI_TOPOLOGY_V1"
                  }
                ]
              }
            ],
            "hostname": "webvm2",
            "id": "fv4kog6jbcj2ge54tgej",
            "labels": {},
            "local_disk": [],
            "maintenance_grace_period": "",
            "maintenance_policy": null,
            "metadata": {
              "user-data": "#cloud-config\r\n\r\nusers:\r\n  - name: v3ll\r\n    ssh-authorized-keys:\r\n      - ssh-rsa AAAAB3NzaC1yc2EAAAADAQABAAABgQDX8Ti1pTVivP+16ANkMp3blMCIliB6PqeC80rA5xstdof+an7ZDcHJU0Ep3Ck+DAQePARxhDLyVpKggMxDzhMjC5zVOnHpEEx9HYWwD67d/gIUTE8J2kmh4nWuURKJj+OT5qhEt5ZgdZbHXu9/LKQ7xOfZv0ogI2U1ty/KV5nPPAPZ0ubpfSa7rwmpxpkYa5wPZghgsFPiiCNNwnGTWf8c5QVejdYDKekRFF9bKMAImAeY/jacZMtyzfhjeWe7PmtU8vpDmuWCqlq1ryueAZV7dAMj60vy6O4dk55RuK7quXov6tdIOe1Pq+91ZQgRBJRV/UKnW5WfuB8v2Mr63kW1Sxxxc2t3XxojLUjBGkvXQdIUuTfI7ttvXfBdkJn1R5C1KBFquDTGQkRIOi2Cc60gWYiQRYUFQGPEAF3ZZw/Icqm2zW/1mZUbiX3azukKlFDQihrC3yInQh8P+ZBW9R1wwMiuPBMZTK3agJ6jiUtRnoTuYHXtfQCPE0o1Rvz70q8= valen@V3l\r\n    groups: sudo\r\n    shell: /bin/bash\r\n    sudo: [\"ALL=(ALL) NOPASSWD:ALL\"]\r\n\r\npackage_update: true\r\npackage_upgrade: true\r\n# packages:\r\n#    - nginx\r\n"
            },
            "metadata_options": [
              {
                "aws_v1_http_endpoint": 1,
                "aws_v1_http_token": 2,
                "gce_http_endpoint": 1,
                "gce_http_token": 1
              }
            ],
            "name": "webvm2",
            "network_acceleration_type": "standard",
            "network_interface": [
              {
                "dns_record": [],
                "index": 0,
                "ip_address": "10.130.1.20",
                "ipv4": true,
                "ipv6": false,
                "ipv6_address": "",
                "ipv6_dns_record": [],
                "mac_address": "d0:0d:14:c4:0d:35",
                "nat": false,
                "nat_dns_record": [],
                "nat_ip_address": "",
                "nat_ip_version": "",
                "security_group_ids": [
                  "enp6te150cdqar4ff8ef"
                ],
                "subnet_id": "fl8aps7mk9m8kalsfkis"
              }
            ],
            "placement_policy": [
              {
                "host_affinity_rules": [],
                "placement_group_id": "",
                "placement_group_partition": 0
              }
            ],
            "platform_id": "standard-v3",
            "resources": [
              {
                "core_fraction": 20,
                "cores": 2,
                "gpus": 0,
                "memory": 2
              }
            ],
            "scheduling_policy": [
              {
                "preemptible": false
              }
            ],
            "secondary_disk": [],
            "service_account_id": "",
            "status": "running",
            "timeouts": null,
            "zone": "ru-central1-d"
          },
          "sensitive_attributes": [],
          "private": "eyJlMmJmYjczMC1lY2FhLTExZTYtOGY4OC0zNDM2M2JjN2M0YzAiOnsiY3JlYXRlIjozMDAwMDAwMDAwMDAsImRlbGV0ZSI6MzAwMDAwMDAwMDAwLCJ1cGRhdGUiOjMwMDAwMDAwMDAwMH0sInNjaGVtYV92ZXJzaW9uIjoiMSJ9",
          "dependencies": [
            "yandex_vpc_network.my_vpc",
            "yandex_vpc_security_group.bastion_host",
            "yandex_vpc_security_group.private_VMs",
            "yandex_vpc_subnet.private_subnet1",
            "yandex_vpc_subnet.private_subnet2"
          ]
        }
      ]
    },
    {
      "mode": "managed",
      "type": "yandex_logging_group",
      "name": "group1",
      "provider": "provider[\"registry.terraform.io/yandex-cloud/yandex\"]",
      "instances": [
        {
          "schema_version": 0,
          "attributes": {
            "cloud_id": "b1gl7du1jcj4afu5ga3o",
            "created_at": "2024-10-21T18:40:51Z",
            "data_stream": "",
            "description": "",
            "folder_id": "b1gi10ek9ctgje5lt7aj",
            "id": "e234k4cfio4o2d887dng",
            "labels": {},
            "name": "loggi",
            "retention_period": "3h0m0s",
            "status": "ACTIVE",
            "timeouts": null
          },
          "sensitive_attributes": [],
          "private": "eyJlMmJmYjczMC1lY2FhLTExZTYtOGY4OC0zNDM2M2JjN2M0YzAiOnsiY3JlYXRlIjozMDAwMDAwMDAwMCwiZGVmYXVsdCI6MzAwMDAwMDAwMDAsImRlbGV0ZSI6MzAwMDAwMDAwMDAsInJlYWQiOjMwMDAwMDAwMDAwLCJ1cGRhdGUiOjMwMDAwMDAwMDAwfX0="
        }
      ]
    },
    {
      "mode": "managed",
      "type": "yandex_vpc_network",
      "name": "my_vpc",
      "provider": "provider[\"registry.terraform.io/yandex-cloud/yandex\"]",
      "instances": [
        {
          "schema_version": 0,
          "attributes": {
            "created_at": "2024-10-21T18:40:51Z",
            "default_security_group_id": "enp6jokhajpr6gl50rjm",
            "description": "",
            "folder_id": "b1gi10ek9ctgje5lt7aj",
            "id": "enpcfd2n92eceka54l85",
            "labels": {},
            "name": "my-vpc",
            "subnet_ids": [
              "e2lnton795cibj194c12",
              "e9bm0okogtbseo7sg5pd",
              "fl8aps7mk9m8kalsfkis"
            ],
            "timeouts": null
          },
          "sensitive_attributes": [],
          "private": "eyJlMmJmYjczMC1lY2FhLTExZTYtOGY4OC0zNDM2M2JjN2M0YzAiOnsiY3JlYXRlIjo2MDAwMDAwMDAwMCwiZGVsZXRlIjo2MDAwMDAwMDAwMCwidXBkYXRlIjo2MDAwMDAwMDAwMH19"
        }
      ]
    },
    {
      "mode": "managed",
      "type": "yandex_vpc_security_group",
      "name": "bastion_host",
      "provider": "provider[\"registry.terraform.io/yandex-cloud/yandex\"]",
      "instances": [
        {
          "schema_version": 0,
          "attributes": {
            "created_at": "2024-10-21T18:40:54Z",
            "description": "access to the VM ",
            "egress": [
              {
                "description": "Allow all outbound traffic",
                "from_port": -1,
                "id": "enpv8cji48dnhml2g082",
                "labels": {},
                "port": -1,
                "predefined_target": "",
                "protocol": "ANY",
                "security_group_id": "",
                "to_port": -1,
                "v4_cidr_blocks": [
                  "0.0.0.0/0"
                ],
                "v6_cidr_blocks": []
              }
            ],
            "folder_id": "b1gi10ek9ctgje5lt7aj",
            "id": "enp95lu56dto2dgkdbr3",
            "ingress": [
              {
                "description": "Allow ICMP (Ping) from anywhere",
                "from_port": -1,
                "id": "enp1s42uajfbh9ss7gd7",
                "labels": {},
                "port": -1,
                "predefined_target": "",
                "protocol": "ICMP",
                "security_group_id": "",
                "to_port": -1,
                "v4_cidr_blocks": [
                  "0.0.0.0/0"
                ],
                "v6_cidr_blocks": []
              },
              {
                "description": "Allow SSH from anywhere",
                "from_port": -1,
                "id": "enp524p6nqnbbtco4avr",
                "labels": {},
                "port": 22,
                "predefined_target": "",
                "protocol": "TCP",
                "security_group_id": "",
                "to_port": -1,
                "v4_cidr_blocks": [
                  "0.0.0.0/0"
                ],
                "v6_cidr_blocks": []
              },
              {
                "description": "proxy",
                "from_port": -1,
                "id": "enpvlgacp3t9ak14fgnd",
                "labels": {},
                "port": 3128,
                "predefined_target": "",
                "protocol": "TCP",
                "security_group_id": "",
                "to_port": -1,
                "v4_cidr_blocks": [
                  "10.128.1.0/24",
                  "10.129.1.0/24",
                  "10.130.1.0/24"
                ],
                "v6_cidr_blocks": []
              }
            ],
            "labels": {},
            "name": "Bastion-host",
            "network_id": "enpcfd2n92eceka54l85",
            "status": "ACTIVE",
            "timeouts": null
          },
          "sensitive_attributes": [],
          "private": "eyJlMmJmYjczMC1lY2FhLTExZTYtOGY4OC0zNDM2M2JjN2M0YzAiOnsiY3JlYXRlIjoxODAwMDAwMDAwMDAsImRlbGV0ZSI6MTgwMDAwMDAwMDAwLCJ1cGRhdGUiOjE4MDAwMDAwMDAwMH19",
          "dependencies": [
            "yandex_vpc_network.my_vpc"
          ]
        }
      ]
    },
    {
      "mode": "managed",
      "type": "yandex_vpc_security_group",
      "name": "private_VMs",
      "provider": "provider[\"registry.terraform.io/yandex-cloud/yandex\"]",
      "instances": [
        {
          "schema_version": 0,
          "attributes": {
            "created_at": "2024-10-21T18:40:56Z",
            "description": "Security group for private VMs",
            "egress": [
              {
                "description": "Allow all outbound traffic",
                "from_port": -1,
                "id": "enpssl386am6ject6q21",
                "labels": {},
                "port": -1,
                "predefined_target": "",
                "protocol": "ANY",
                "security_group_id": "",
                "to_port": -1,
                "v4_cidr_blocks": [
                  "0.0.0.0/0"
                ],
                "v6_cidr_blocks": []
              }
            ],
            "folder_id": "b1gi10ek9ctgje5lt7aj",
            "id": "enp6te150cdqar4ff8ef",
            "ingress": [
              {
                "description": "All9ow Grafana access to Prometheus",
                "from_port": -1,
                "id": "enpv51j7intnn7j5en91",
                "labels": {},
                "port": 9090,
                "predefined_target": "",
                "protocol": "TCP",
                "security_group_id": "",
                "to_port": -1,
                "v4_cidr_blocks": [
                  "10.128.1.0/24",
                  "10.129.1.0/24",
                  "10.130.1.0/24",
                  "0.0.0.0/0"
                ],
                "v6_cidr_blocks": []
              },
              {
                "description": "All9ow Grafana",
                "from_port": -1,
                "id": "enpq43isoe67duibp5u0",
                "labels": {},
                "port": 5601,
                "predefined_target": "",
                "protocol": "TCP",
                "security_group_id": "",
                "to_port": -1,
                "v4_cidr_blocks": [
                  "10.128.1.0/24",
                  "10.129.1.0/24",
                  "10.130.1.0/24"
                ],
                "v6_cidr_blocks": []
              },
              {
                "description": "All9ow Grafana",
                "from_port": -1,
                "id": "enpv8qo10jbieo187hdb",
                "labels": {},
                "port": 3000,
                "predefined_target": "",
                "protocol": "TCP",
                "security_group_id": "",
                "to_port": -1,
                "v4_cidr_blocks": [
                  "10.128.1.0/24",
                  "10.129.1.0/24",
                  "10.130.1.0/24"
                ],
                "v6_cidr_blocks": []
              },
              {
                "description": "All9ow filebeat access to Elasticsearch to kibana",
                "from_port": -1,
                "id": "enp55bttv4q8el9au64j",
                "labels": {},
                "port": 9200,
                "predefined_target": "",
                "protocol": "TCP",
                "security_group_id": "",
                "to_port": -1,
                "v4_cidr_blocks": [
                  "10.128.1.0/24",
                  "10.129.1.0/24",
                  "10.130.1.0/24"
                ],
                "v6_cidr_blocks": []
              },
              {
                "description": "Allow HTTP traffic",
                "from_port": -1,
                "id": "enpa2cfgdablcoqeai4a",
                "labels": {},
                "port": 80,
                "predefined_target": "",
                "protocol": "TCP",
                "security_group_id": "",
                "to_port": -1,
                "v4_cidr_blocks": [
                  "10.128.1.0/24",
                  "10.129.1.0/24",
                  "10.130.1.0/24",
                  "0.0.0.0/0"
                ],
                "v6_cidr_blocks": []
              },
              {
                "description": "Allow HTTPS traffic",
                "from_port": -1,
                "id": "enp80a70npejtrr1maev",
                "labels": {},
                "port": 443,
                "predefined_target": "",
                "protocol": "TCP",
                "security_group_id": "",
                "to_port": -1,
                "v4_cidr_blocks": [
                  "10.128.1.0/24",
                  "10.129.1.0/24",
                  "10.130.1.0/24"
                ],
                "v6_cidr_blocks": []
              },
              {
                "description": "Allow ICMP (Ping) from anywhere",
                "from_port": -1,
                "id": "enpp226ugcor02v05u7c",
                "labels": {},
                "port": -1,
                "predefined_target": "",
                "protocol": "ICMP",
                "security_group_id": "",
                "to_port": -1,
                "v4_cidr_blocks": [
                  "10.128.1.0/24",
                  "10.129.1.0/24",
                  "10.130.1.0/24"
                ],
                "v6_cidr_blocks": []
              },
              {
                "description": "Allow Nginx Log Exporter access to Prometheus",
                "from_port": -1,
                "id": "enpvo8oh6rjjmvsafst2",
                "labels": {},
                "port": 4040,
                "predefined_target": "",
                "protocol": "TCP",
                "security_group_id": "",
                "to_port": -1,
                "v4_cidr_blocks": [
                  "10.128.1.0/24",
                  "10.129.1.0/24",
                  "10.130.1.0/24"
                ],
                "v6_cidr_blocks": []
              },
              {
                "description": "Allow Prometheus to access Node Exporter",
                "from_port": -1,
                "id": "enp3hd8tt556uhk92s2j",
                "labels": {},
                "port": 9100,
                "predefined_target": "",
                "protocol": "TCP",
                "security_group_id": "",
                "to_port": -1,
                "v4_cidr_blocks": [
                  "10.128.1.0/24",
                  "10.129.1.0/24",
                  "10.130.1.0/24"
                ],
                "v6_cidr_blocks": []
              },
              {
                "description": "Allow SSH from Bastion Host",
                "from_port": -1,
                "id": "enpunrog7mvuge3dv1es",
                "labels": {},
                "port": 22,
                "predefined_target": "",
                "protocol": "TCP",
                "security_group_id": "enp95lu56dto2dgkdbr3",
                "to_port": -1,
                "v4_cidr_blocks": [],
                "v6_cidr_blocks": []
              }
            ],
            "labels": {},
            "name": "private-VMs",
            "network_id": "enpcfd2n92eceka54l85",
            "status": "ACTIVE",
            "timeouts": null
          },
          "sensitive_attributes": [],
          "private": "eyJlMmJmYjczMC1lY2FhLTExZTYtOGY4OC0zNDM2M2JjN2M0YzAiOnsiY3JlYXRlIjoxODAwMDAwMDAwMDAsImRlbGV0ZSI6MTgwMDAwMDAwMDAwLCJ1cGRhdGUiOjE4MDAwMDAwMDAwMH19",
          "dependencies": [
            "yandex_vpc_network.my_vpc",
            "yandex_vpc_security_group.bastion_host"
          ]
        }
      ]
    },
    {
      "mode": "managed",
      "type": "yandex_vpc_subnet",
      "name": "private_subnet1",
      "provider": "provider[\"registry.terraform.io/yandex-cloud/yandex\"]",
      "instances": [
        {
          "schema_version": 0,
          "attributes": {
            "created_at": "2024-10-21T18:40:53Z",
            "description": "",
            "dhcp_options": [],
            "folder_id": "b1gi10ek9ctgje5lt7aj",
            "id": "e2lnton795cibj194c12",
            "labels": {},
            "name": "private-subnet1",
            "network_id": "enpcfd2n92eceka54l85",
            "route_table_id": "",
            "timeouts": null,
            "v4_cidr_blocks": [
              "10.129.1.0/24"
            ],
            "v6_cidr_blocks": [],
            "zone": "ru-central1-b"
          },
          "sensitive_attributes": [],
          "private": "eyJlMmJmYjczMC1lY2FhLTExZTYtOGY4OC0zNDM2M2JjN2M0YzAiOnsiY3JlYXRlIjoxODAwMDAwMDAwMDAsImRlbGV0ZSI6MTgwMDAwMDAwMDAwLCJ1cGRhdGUiOjE4MDAwMDAwMDAwMH19",
          "dependencies": [
            "yandex_vpc_network.my_vpc"
          ]
        }
      ]
    },
    {
      "mode": "managed",
      "type": "yandex_vpc_subnet",
      "name": "private_subnet2",
      "provider": "provider[\"registry.terraform.io/yandex-cloud/yandex\"]",
      "instances": [
        {
          "schema_version": 0,
          "attributes": {
            "created_at": "2024-10-21T18:40:54Z",
            "description": "",
            "dhcp_options": [],
            "folder_id": "b1gi10ek9ctgje5lt7aj",
            "id": "fl8aps7mk9m8kalsfkis",
            "labels": {},
            "name": "private-subnet2",
            "network_id": "enpcfd2n92eceka54l85",
            "route_table_id": "",
            "timeouts": null,
            "v4_cidr_blocks": [
              "10.130.1.0/24"
            ],
            "v6_cidr_blocks": [],
            "zone": "ru-central1-d"
          },
          "sensitive_attributes": [],
          "private": "eyJlMmJmYjczMC1lY2FhLTExZTYtOGY4OC0zNDM2M2JjN2M0YzAiOnsiY3JlYXRlIjoxODAwMDAwMDAwMDAsImRlbGV0ZSI6MTgwMDAwMDAwMDAwLCJ1cGRhdGUiOjE4MDAwMDAwMDAwMH19",
          "dependencies": [
            "yandex_vpc_network.my_vpc"
          ]
        }
      ]
    },
    {
      "mode": "managed",
      "type": "yandex_vpc_subnet",
      "name": "public_subnet",
      "provider": "provider[\"registry.terraform.io/yandex-cloud/yandex\"]",
      "instances": [
        {
          "schema_version": 0,
          "attributes": {
            "created_at": "2024-10-21T18:40:54Z",
            "description": "",
            "dhcp_options": [],
            "folder_id": "b1gi10ek9ctgje5lt7aj",
            "id": "e9bm0okogtbseo7sg5pd",
            "labels": {},
            "name": "public-subnet",
            "network_id": "enpcfd2n92eceka54l85",
            "route_table_id": "",
            "timeouts": null,
            "v4_cidr_blocks": [
              "10.128.1.0/24"
            ],
            "v6_cidr_blocks": [],
            "zone": "ru-central1-a"
          },
          "sensitive_attributes": [],
          "private": "eyJlMmJmYjczMC1lY2FhLTExZTYtOGY4OC0zNDM2M2JjN2M0YzAiOnsiY3JlYXRlIjoxODAwMDAwMDAwMDAsImRlbGV0ZSI6MTgwMDAwMDAwMDAwLCJ1cGRhdGUiOjE4MDAwMDAwMDAwMH19",
          "dependencies": [
            "yandex_vpc_network.my_vpc"
          ]
        }
      ]
    }
  ],
  "check_results": null
}
